[root]
name = "mates"
version = "0.0.1"
dependencies = [
 "vobject 0.0.1 (git+https://github.com/untitaker/rust-vobject.git)",
]

[[package]]
name = "peg"
version = "0.1.3"
source = "git+https://github.com/kevinmehall/rust-peg.git#424081b10e42d09d769657b3a39ad3d491b1193d"

[[package]]
name = "vobject"
version = "0.0.1"
source = "git+https://github.com/untitaker/rust-vobject.git#83dad0d04a32bf996fd0b828626ef40241ab38b2"
dependencies = [
 "peg 0.1.3 (git+https://github.com/kevinmehall/rust-peg.git)",
]

